
Microsoft Visual Studio Solution File, Format Version 12.00
# Visual Studio for Mac
Project("{FAE04EC0-301F-11D3-BF4B-00C04F79EFBC}") = "Assembly-CSharp", "Assembly-CSharp.csproj", "{FA0E179C-2E3F-D446-3864-0DF22945CA40}"
EndProject
Project("{FAE04EC0-301F-11D3-BF4B-00C04F79EFBC}") = "Assembly-CSharp-firstpass", "Assembly-CSharp-firstpass.csproj", "{3DFBAA15-A65F-6E6A-125A-F2FC6AB9C077}"
EndProject
Project("{FAE04EC0-301F-11D3-BF4B-00C04F79EFBC}") = "Assembly-CSharp-Editor-firstpass", "Assembly-CSharp-Editor-firstpass.csproj", "{71F822CF-7642-2CC0-B354-D68D7BCE9A73}"
EndProject
Global
	GlobalSection(SolutionConfigurationPlatforms) = preSolution
		Debug|Any CPU = Debug|Any CPU
		Release|Any CPU = Release|Any CPU
	EndGlobalSection
	GlobalSection(ProjectConfigurationPlatforms) = postSolution
		{FA0E179C-2E3F-D446-3864-0DF22945CA40}.Debug|Any CPU.ActiveCfg = Debug|Any CPU
		{FA0E179C-2E3F-D446-3864-0DF22945CA40}.Debug|Any CPU.Build.0 = Debug|Any CPU
		{FA0E179C-2E3F-D446-3864-0DF22945CA40}.Release|Any CPU.ActiveCfg = Release|Any CPU
		{FA0E179C-2E3F-D446-3864-0DF22945CA40}.Release|Any CPU.Build.0 = Release|Any CPU
		{3DFBAA15-A65F-6E6A-125A-F2FC6AB9C077}.Debug|Any CPU.ActiveCfg = Debug|Any CPU
		{3DFBAA15-A65F-6E6A-125A-F2FC6AB9C077}.Debug|Any CPU.Build.0 = Debug|Any CPU
		{3DFBAA15-A65F-6E6A-125A-F2FC6AB9C077}.Release|Any CPU.ActiveCfg = Release|Any CPU
		{3DFBAA15-A65F-6E6A-125A-F2FC6AB9C077}.Release|Any CPU.Build.0 = Release|Any CPU
		{71F822CF-7642-2CC0-B354-D68D7BCE9A73}.Debug|Any CPU.ActiveCfg = Debug|Any CPU
		{71F822CF-7642-2CC0-B354-D68D7BCE9A73}.Debug|Any CPU.Build.0 = Debug|Any CPU
		{71F822CF-7642-2CC0-B354-D68D7BCE9A73}.Release|Any CPU.ActiveCfg = Release|Any CPU
		{71F822CF-7642-2CC0-B354-D68D7BCE9A73}.Release|Any CPU.Build.0 = Release|Any CPU
	EndGlobalSection
	GlobalSection(SolutionProperties) = preSolution
		HideSolutionNode = FALSE
	EndGlobalSection
EndGlobal
